
Microsoft Visual Studio Solution File, Format Version 12.00
# Visual Studio Version 16
VisualStudioVersion = 16.0.28803.202
MinimumVisualStudioVersion = 10.0.40219.1
Project("{FAE04EC0-301F-11D3-BF4B-00C04F79EFBC}") = "QuidditchScoreboard", "..\QuidditchScoreboard\QuidditchScoreboard.csproj", "{FD469821-D848-4C6C-BDC2-9B7B4C23B08C}"
EndProject
Global
	GlobalSection(SolutionConfigurationPlatforms) = preSolution
		Debug|Any CPU = Debug|Any CPU
		Release|Any CPU = Release|Any CPU
	EndGlobalSection
	GlobalSection(ProjectConfigurationPlatforms) = postSolution
		{FD469821-D848-4C6C-BDC2-9B7B4C23B08C}.Debug|Any CPU.ActiveCfg = Debug|Any CPU
		{FD469821-D848-4C6C-BDC2-9B7B4C23B08C}.Debug|Any CPU.Build.0 = Debug|Any CPU
		{FD469821-D848-4C6C-BDC2-9B7B4C23B08C}.Release|Any CPU.ActiveCfg = Release|Any CPU
		{FD469821-D848-4C6C-BDC2-9B7B4C23B08C}.Release|Any CPU.Build.0 = Release|Any CPU
	EndGlobalSection
	GlobalSection(SolutionProperties) = preSolution
		HideSolutionNode = FALSE
	EndGlobalSection
	GlobalSection(ExtensibilityGlobals) = postSolution
		SolutionGuid = {45B57CED-EAAB-4D54-82A3-472D39625F86}
	EndGlobalSection
EndGlobal
